// !$*UTF8*$!
{
	archiveVersion = 1;
	classes = {
	};
	objectVersion = 46;
	objects = {

/* Begin PBXBuildFile section */
		4916DD8547C27418B8DF13E9 /* Pods_FireSwifferTests.framework in Frameworks */ = {isa = PBXBuildFile; fileRef = DECFDA8ED5AB9F38860337F3 /* Pods_FireSwifferTests.framework */; };
		50F5887F4F4DEF056D80CDAA /* Pods_FireSwifferUITests.framework in Frameworks */ = {isa = PBXBuildFile; fileRef = 03D4103FF1613943407A98B8 /* Pods_FireSwifferUITests.framework */; };
		930411FC1D5E098C00EA6CCB /* AppDelegate.swift in Sources */ = {isa = PBXBuildFile; fileRef = 930411FB1D5E098C00EA6CCB /* AppDelegate.swift */; };
		930412011D5E098D00EA6CCB /* Main.storyboard in Resources */ = {isa = PBXBuildFile; fileRef = 930411FF1D5E098D00EA6CCB /* Main.storyboard */; };
		930412031D5E098D00EA6CCB /* Assets.xcassets in Resources */ = {isa = PBXBuildFile; fileRef = 930412021D5E098D00EA6CCB /* Assets.xcassets */; };
		930412061D5E098D00EA6CCB /* LaunchScreen.storyboard in Resources */ = {isa = PBXBuildFile; fileRef = 930412041D5E098D00EA6CCB /* LaunchScreen.storyboard */; };
		930412111D5E098D00EA6CCB /* FireSwifferTests.swift in Sources */ = {isa = PBXBuildFile; fileRef = 930412101D5E098D00EA6CCB /* FireSwifferTests.swift */; };
		9304121C1D5E098D00EA6CCB /* FireSwifferUITests.swift in Sources */ = {isa = PBXBuildFile; fileRef = 9304121B1D5E098D00EA6CCB /* FireSwifferUITests.swift */; };
		9304122A1D5E0A6200EA6CCB /* GoogleService-Info.plist in Resources */ = {isa = PBXBuildFile; fileRef = 930412291D5E0A6200EA6CCB /* GoogleService-Info.plist */; };
		9318353B1D5E5F1C00BB7F6D /* SweetsTableViewController.swift in Sources */ = {isa = PBXBuildFile; fileRef = 9318353A1D5E5F1C00BB7F6D /* SweetsTableViewController.swift */; };
		9318353D1D5E609500BB7F6D /* User.swift in Sources */ = {isa = PBXBuildFile; fileRef = 9318353C1D5E609500BB7F6D /* User.swift */; };
		9318353F1D5E61A700BB7F6D /* Sweet.swift in Sources */ = {isa = PBXBuildFile; fileRef = 9318353E1D5E61A700BB7F6D /* Sweet.swift */; };
		B7C517851009BD2C33748CAA /* Pods_FireSwiffer.framework in Frameworks */ = {isa = PBXBuildFile; fileRef = 3941B0E60C58C542E3F93524 /* Pods_FireSwiffer.framework */; };
/* End PBXBuildFile section */

/* Begin PBXContainerItemProxy section */
		9304120D1D5E098D00EA6CCB /* PBXContainerItemProxy */ = {
			isa = PBXContainerItemProxy;
			containerPortal = 930411F01D5E098C00EA6CCB /* Project object */;
			proxyType = 1;
			remoteGlobalIDString = 930411F71D5E098C00EA6CCB;
			remoteInfo = FireSwiffer;
		};
		930412181D5E098D00EA6CCB /* PBXContainerItemProxy */ = {
			isa = PBXContainerItemProxy;
			containerPortal = 930411F01D5E098C00EA6CCB /* Project object */;
			proxyType = 1;
			remoteGlobalIDString = 930411F71D5E098C00EA6CCB;
			remoteInfo = FireSwiffer;
		};
/* End PBXContainerItemProxy section */

/* Begin PBXFileReference section */
		03D4103FF1613943407A98B8 /* Pods_FireSwifferUITests.framework */ = {isa = PBXFileReference; explicitFileType = wrapper.framework; includeInIndex = 0; path = Pods_FireSwifferUITests.framework; sourceTree = BUILT_PRODUCTS_DIR; };
		25759ED202B46F898C31B97A /* Pods-FireSwifferTests.release.xcconfig */ = {isa = PBXFileReference; includeInIndex = 1; lastKnownFileType = text.xcconfig; name = "Pods-FireSwifferTests.release.xcconfig"; path = "Pods/Target Support Files/Pods-FireSwifferTests/Pods-FireSwifferTests.release.xcconfig"; sourceTree = "<group>"; };
		3941B0E60C58C542E3F93524 /* Pods_FireSwiffer.framework */ = {isa = PBXFileReference; explicitFileType = wrapper.framework; includeInIndex = 0; path = Pods_FireSwiffer.framework; sourceTree = BUILT_PRODUCTS_DIR; };
		4279ECF59E81538B393F92A4 /* Pods-FireSwifferTests.debug.xcconfig */ = {isa = PBXFileReference; includeInIndex = 1; lastKnownFileType = text.xcconfig; name = "Pods-FireSwifferTests.debug.xcconfig"; path = "Pods/Target Support Files/Pods-FireSwifferTests/Pods-FireSwifferTests.debug.xcconfig"; sourceTree = "<group>"; };
		65966160AB7F9BF04665FCFC /* Pods-FireSwifferUITests.debug.xcconfig */ = {isa = PBXFileReference; includeInIndex = 1; lastKnownFileType = text.xcconfig; name = "Pods-FireSwifferUITests.debug.xcconfig"; path = "Pods/Target Support Files/Pods-FireSwifferUITests/Pods-FireSwifferUITests.debug.xcconfig"; sourceTree = "<group>"; };
		930411F81D5E098C00EA6CCB /* FireSwiffer.app */ = {isa = PBXFileReference; explicitFileType = wrapper.application; includeInIndex = 0; path = FireSwiffer.app; sourceTree = BUILT_PRODUCTS_DIR; };
		930411FB1D5E098C00EA6CCB /* AppDelegate.swift */ = {isa = PBXFileReference; lastKnownFileType = sourcecode.swift; path = AppDelegate.swift; sourceTree = "<group>"; };
		930412001D5E098D00EA6CCB /* Base */ = {isa = PBXFileReference; lastKnownFileType = file.storyboard; name = Base; path = Base.lproj/Main.storyboard; sourceTree = "<group>"; };
		930412021D5E098D00EA6CCB /* Assets.xcassets */ = {isa = PBXFileReference; lastKnownFileType = folder.assetcatalog; path = Assets.xcassets; sourceTree = "<group>"; };
		930412051D5E098D00EA6CCB /* Base */ = {isa = PBXFileReference; lastKnownFileType = file.storyboard; name = Base; path = Base.lproj/LaunchScreen.storyboard; sourceTree = "<group>"; };
		930412071D5E098D00EA6CCB /* Info.plist */ = {isa = PBXFileReference; lastKnownFileType = text.plist.xml; path = Info.plist; sourceTree = "<group>"; };
		9304120C1D5E098D00EA6CCB /* FireSwifferTests.xctest */ = {isa = PBXFileReference; explicitFileType = wrapper.cfbundle; includeInIndex = 0; path = FireSwifferTests.xctest; sourceTree = BUILT_PRODUCTS_DIR; };
		930412101D5E098D00EA6CCB /* FireSwifferTests.swift */ = {isa = PBXFileReference; lastKnownFileType = sourcecode.swift; path = FireSwifferTests.swift; sourceTree = "<group>"; };
		930412121D5E098D00EA6CCB /* Info.plist */ = {isa = PBXFileReference; lastKnownFileType = text.plist.xml; path = Info.plist; sourceTree = "<group>"; };
		930412171D5E098D00EA6CCB /* FireSwifferUITests.xctest */ = {isa = PBXFileReference; explicitFileType = wrapper.cfbundle; includeInIndex = 0; path = FireSwifferUITests.xctest; sourceTree = BUILT_PRODUCTS_DIR; };
		9304121B1D5E098D00EA6CCB /* FireSwifferUITests.swift */ = {isa = PBXFileReference; lastKnownFileType = sourcecode.swift; path = FireSwifferUITests.swift; sourceTree = "<group>"; };
		9304121D1D5E098D00EA6CCB /* Info.plist */ = {isa = PBXFileReference; lastKnownFileType = text.plist.xml; path = Info.plist; sourceTree = "<group>"; };
		930412291D5E0A6200EA6CCB /* GoogleService-Info.plist */ = {isa = PBXFileReference; fileEncoding = 4; lastKnownFileType = text.plist.xml; name = "GoogleService-Info.plist"; path = "../../../Downloads/GoogleService-Info.plist"; sourceTree = "<group>"; };
		9318353A1D5E5F1C00BB7F6D /* SweetsTableViewController.swift */ = {isa = PBXFileReference; fileEncoding = 4; lastKnownFileType = sourcecode.swift; path = SweetsTableViewController.swift; sourceTree = "<group>"; };
		9318353C1D5E609500BB7F6D /* User.swift */ = {isa = PBXFileReference; fileEncoding = 4; lastKnownFileType = sourcecode.swift; path = User.swift; sourceTree = "<group>"; };
		9318353E1D5E61A700BB7F6D /* Sweet.swift */ = {isa = PBXFileReference; fileEncoding = 4; lastKnownFileType = sourcecode.swift; path = Sweet.swift; sourceTree = "<group>"; };
		B27315DF9F4DD64F8C93ED88 /* Pods-FireSwifferUITests.release.xcconfig */ = {isa = PBXFileReference; includeInIndex = 1; lastKnownFileType = text.xcconfig; name = "Pods-FireSwifferUITests.release.xcconfig"; path = "Pods/Target Support Files/Pods-FireSwifferUITests/Pods-FireSwifferUITests.release.xcconfig"; sourceTree = "<group>"; };
		D1D1C0A815359B8DEA816FE7 /* Pods-FireSwiffer.debug.xcconfig */ = {isa = PBXFileReference; includeInIndex = 1; lastKnownFileType = text.xcconfig; name = "Pods-FireSwiffer.debug.xcconfig"; path = "Pods/Target Support Files/Pods-FireSwiffer/Pods-FireSwiffer.debug.xcconfig"; sourceTree = "<group>"; };
		DECFDA8ED5AB9F38860337F3 /* Pods_FireSwifferTests.framework */ = {isa = PBXFileReference; explicitFileType = wrapper.framework; includeInIndex = 0; path = Pods_FireSwifferTests.framework; sourceTree = BUILT_PRODUCTS_DIR; };
		F6BBF44155231DC1DF226FDD /* Pods-FireSwiffer.release.xcconfig */ = {isa = PBXFileReference; includeInIndex = 1; lastKnownFileType = text.xcconfig; name = "Pods-FireSwiffer.release.xcconfig"; path = "Pods/Target Support Files/Pods-FireSwiffer/Pods-FireSwiffer.release.xcconfig"; sourceTree = "<group>"; };
/* End PBXFileReference section */

/* Begin PBXFrameworksBuildPhase section */
		930411F51D5E098C00EA6CCB /* Frameworks */ = {
			isa = PBXFrameworksBuildPhase;
			buildActionMask = 2147483647;
			files = (
				B7C517851009BD2C33748CAA /* Pods_FireSwiffer.framework in Frameworks */,
			);
			runOnlyForDeploymentPostprocessing = 0;
		};
		930412091D5E098D00EA6CCB /* Frameworks */ = {
			isa = PBXFrameworksBuildPhase;
			buildActionMask = 2147483647;
			files = (
				4916DD8547C27418B8DF13E9 /* Pods_FireSwifferTests.framework in Frameworks */,
			);
			runOnlyForDeploymentPostprocessing = 0;
		};
		930412141D5E098D00EA6CCB /* Frameworks */ = {
			isa = PBXFrameworksBuildPhase;
			buildActionMask = 2147483647;
			files = (
				50F5887F4F4DEF056D80CDAA /* Pods_FireSwifferUITests.framework in Frameworks */,
			);
			runOnlyForDeploymentPostprocessing = 0;
		};
/* End PBXFrameworksBuildPhase section */

/* Begin PBXGroup section */
		930411EF1D5E098C00EA6CCB = {
			isa = PBXGroup;
			children = (
				930411FA1D5E098C00EA6CCB /* FireSwiffer */,
				9304120F1D5E098D00EA6CCB /* FireSwifferTests */,
				9304121A1D5E098D00EA6CCB /* FireSwifferUITests */,
				930411F91D5E098C00EA6CCB /* Products */,
				E1D4A735E159AD88B16CC4AF /* Pods */,
				F203639A0FE6A2423D0FC9D5 /* Frameworks */,
			);
			sourceTree = "<group>";
		};
		930411F91D5E098C00EA6CCB /* Products */ = {
			isa = PBXGroup;
			children = (
				930411F81D5E098C00EA6CCB /* FireSwiffer.app */,
				9304120C1D5E098D00EA6CCB /* FireSwifferTests.xctest */,
				930412171D5E098D00EA6CCB /* FireSwifferUITests.xctest */,
			);
			name = Products;
			sourceTree = "<group>";
		};
		930411FA1D5E098C00EA6CCB /* FireSwiffer */ = {
			isa = PBXGroup;
			children = (
				930411FB1D5E098C00EA6CCB /* AppDelegate.swift */,
				931835401D5E63F500BB7F6D /* Model */,
				9318353A1D5E5F1C00BB7F6D /* SweetsTableViewController.swift */,
				930411FF1D5E098D00EA6CCB /* Main.storyboard */,
				930412021D5E098D00EA6CCB /* Assets.xcassets */,
				930412041D5E098D00EA6CCB /* LaunchScreen.storyboard */,
				930412291D5E0A6200EA6CCB /* GoogleService-Info.plist */,
				930412071D5E098D00EA6CCB /* Info.plist */,
			);
			path = FireSwiffer;
			sourceTree = "<group>";
		};
		9304120F1D5E098D00EA6CCB /* FireSwifferTests */ = {
			isa = PBXGroup;
			children = (
				930412101D5E098D00EA6CCB /* FireSwifferTests.swift */,
				930412121D5E098D00EA6CCB /* Info.plist */,
			);
			path = FireSwifferTests;
			sourceTree = "<group>";
		};
		9304121A1D5E098D00EA6CCB /* FireSwifferUITests */ = {
			isa = PBXGroup;
			children = (
				9304121B1D5E098D00EA6CCB /* FireSwifferUITests.swift */,
				9304121D1D5E098D00EA6CCB /* Info.plist */,
			);
			path = FireSwifferUITests;
			sourceTree = "<group>";
		};
		931835401D5E63F500BB7F6D /* Model */ = {
			isa = PBXGroup;
			children = (
				9318353C1D5E609500BB7F6D /* User.swift */,
				9318353E1D5E61A700BB7F6D /* Sweet.swift */,
			);
			name = Model;
			sourceTree = "<group>";
		};
		E1D4A735E159AD88B16CC4AF /* Pods */ = {
			isa = PBXGroup;
			children = (
				D1D1C0A815359B8DEA816FE7 /* Pods-FireSwiffer.debug.xcconfig */,
				F6BBF44155231DC1DF226FDD /* Pods-FireSwiffer.release.xcconfig */,
				4279ECF59E81538B393F92A4 /* Pods-FireSwifferTests.debug.xcconfig */,
				25759ED202B46F898C31B97A /* Pods-FireSwifferTests.release.xcconfig */,
				65966160AB7F9BF04665FCFC /* Pods-FireSwifferUITests.debug.xcconfig */,
				B27315DF9F4DD64F8C93ED88 /* Pods-FireSwifferUITests.release.xcconfig */,
			);
			name = Pods;
			sourceTree = "<group>";
		};
		F203639A0FE6A2423D0FC9D5 /* Frameworks */ = {
			isa = PBXGroup;
			children = (
				3941B0E60C58C542E3F93524 /* Pods_FireSwiffer.framework */,
				DECFDA8ED5AB9F38860337F3 /* Pods_FireSwifferTests.framework */,
				03D4103FF1613943407A98B8 /* Pods_FireSwifferUITests.framework */,
			);
			name = Frameworks;
			sourceTree = "<group>";
		};
/* End PBXGroup section */

/* Begin PBXNativeTarget section */
		930411F71D5E098C00EA6CCB /* FireSwiffer */ = {
			isa = PBXNativeTarget;
			buildConfigurationList = 930412201D5E098D00EA6CCB /* Build configuration list for PBXNativeTarget "FireSwiffer" */;
			buildPhases = (
				41718ADD0A33A34B55F9E4FE /* [CP] Check Pods Manifest.lock */,
				930411F41D5E098C00EA6CCB /* Sources */,
				930411F51D5E098C00EA6CCB /* Frameworks */,
				930411F61D5E098C00EA6CCB /* Resources */,
				E2777980AC2E4A34AF133070 /* [CP] Embed Pods Frameworks */,
				9A30C10376E7DDEAFB50B1E3 /* [CP] Copy Pods Resources */,
			);
			buildRules = (
			);
			dependencies = (
			);
			name = FireSwiffer;
			productName = FireSwiffer;
			productReference = 930411F81D5E098C00EA6CCB /* FireSwiffer.app */;
			productType = "com.apple.product-type.application";
		};
		9304120B1D5E098D00EA6CCB /* FireSwifferTests */ = {
			isa = PBXNativeTarget;
			buildConfigurationList = 930412231D5E098D00EA6CCB /* Build configuration list for PBXNativeTarget "FireSwifferTests" */;
			buildPhases = (
				221E0C6AC9162FC7641A0462 /* [CP] Check Pods Manifest.lock */,
				930412081D5E098D00EA6CCB /* Sources */,
				930412091D5E098D00EA6CCB /* Frameworks */,
				9304120A1D5E098D00EA6CCB /* Resources */,
				526F701CD2074A27D7A10DE7 /* [CP] Embed Pods Frameworks */,
				F0C5DDB50638F5D8B15A8E42 /* [CP] Copy Pods Resources */,
			);
			buildRules = (
			);
			dependencies = (
				9304120E1D5E098D00EA6CCB /* PBXTargetDependency */,
			);
			name = FireSwifferTests;
			productName = FireSwifferTests;
			productReference = 9304120C1D5E098D00EA6CCB /* FireSwifferTests.xctest */;
			productType = "com.apple.product-type.bundle.unit-test";
		};
		930412161D5E098D00EA6CCB /* FireSwifferUITests */ = {
			isa = PBXNativeTarget;
			buildConfigurationList = 930412261D5E098D00EA6CCB /* Build configuration list for PBXNativeTarget "FireSwifferUITests" */;
			buildPhases = (
				3DDFDB3C80A6D8C0EE78DD06 /* [CP] Check Pods Manifest.lock */,
				930412131D5E098D00EA6CCB /* Sources */,
				930412141D5E098D00EA6CCB /* Frameworks */,
				930412151D5E098D00EA6CCB /* Resources */,
				6B2A98B260B4AD51961A80DA /* [CP] Copy Pods Resources */,
			);
			buildRules = (
			);
			dependencies = (
				930412191D5E098D00EA6CCB /* PBXTargetDependency */,
			);
			name = FireSwifferUITests;
			productName = FireSwifferUITests;
			productReference = 930412171D5E098D00EA6CCB /* FireSwifferUITests.xctest */;
			productType = "com.apple.product-type.bundle.ui-testing";
		};
/* End PBXNativeTarget section */

/* Begin PBXProject section */
		930411F01D5E098C00EA6CCB /* Project object */ = {
			isa = PBXProject;
			attributes = {
				LastSwiftUpdateCheck = 0730;
				LastUpgradeCheck = 0730;
				ORGANIZATIONNAME = Training;
				TargetAttributes = {
					930411F71D5E098C00EA6CCB = {
						CreatedOnToolsVersion = 7.3.1;
					};
					9304120B1D5E098D00EA6CCB = {
						CreatedOnToolsVersion = 7.3.1;
						TestTargetID = 930411F71D5E098C00EA6CCB;
					};
					930412161D5E098D00EA6CCB = {
						CreatedOnToolsVersion = 7.3.1;
						TestTargetID = 930411F71D5E098C00EA6CCB;
					};
				};
			};
			buildConfigurationList = 930411F31D5E098C00EA6CCB /* Build configuration list for PBXProject "FireSwiffer" */;
			compatibilityVersion = "Xcode 3.2";
			developmentRegion = English;
			hasScannedForEncodings = 0;
			knownRegions = (
				en,
				Base,
			);
			mainGroup = 930411EF1D5E098C00EA6CCB;
			productRefGroup = 930411F91D5E098C00EA6CCB /* Products */;
			projectDirPath = "";
			projectRoot = "";
			targets = (
				930411F71D5E098C00EA6CCB /* FireSwiffer */,
				9304120B1D5E098D00EA6CCB /* FireSwifferTests */,
				930412161D5E098D00EA6CCB /* FireSwifferUITests */,
			);
		};
/* End PBXProject section */

/* Begin PBXResourcesBuildPhase section */
		930411F61D5E098C00EA6CCB /* Resources */ = {
			isa = PBXResourcesBuildPhase;
			buildActionMask = 2147483647;
			files = (
				930412061D5E098D00EA6CCB /* LaunchScreen.storyboard in Resources */,
				9304122A1D5E0A6200EA6CCB /* GoogleService-Info.plist in Resources */,
				930412031D5E098D00EA6CCB /* Assets.xcassets in Resources */,
				930412011D5E098D00EA6CCB /* Main.storyboard in Resources */,
			);
			runOnlyForDeploymentPostprocessing = 0;
		};
		9304120A1D5E098D00EA6CCB /* Resources */ = {
			isa = PBXResourcesBuildPhase;
			buildActionMask = 2147483647;
			files = (
			);
			runOnlyForDeploymentPostprocessing = 0;
		};
		930412151D5E098D00EA6CCB /* Resources */ = {
			isa = PBXResourcesBuildPhase;
			buildActionMask = 2147483647;
			files = (
			);
			runOnlyForDeploymentPostprocessing = 0;
		};
/* End PBXResourcesBuildPhase section */

/* Begin PBXShellScriptBuildPhase section */
		221E0C6AC9162FC7641A0462 /* [CP] Check Pods Manifest.lock */ = {
			isa = PBXShellScriptBuildPhase;
			buildActionMask = 2147483647;
			files = (
			);
			inputPaths = (
			);
			name = "[CP] Check Pods Manifest.lock";
			outputPaths = (
			);
			runOnlyForDeploymentPostprocessing = 0;
			shellPath = /bin/sh;
			shellScript = "diff \"${PODS_ROOT}/../Podfile.lock\" \"${PODS_ROOT}/Manifest.lock\" > /dev/null\nif [[ $? != 0 ]] ; then\n    cat << EOM\nerror: The sandbox is not in sync with the Podfile.lock. Run 'pod install' or update your CocoaPods installation.\nEOM\n    exit 1\nfi\n";
			showEnvVarsInLog = 0;
		};
		3DDFDB3C80A6D8C0EE78DD06 /* [CP] Check Pods Manifest.lock */ = {
			isa = PBXShellScriptBuildPhase;
			buildActionMask = 2147483647;
			files = (
			);
			inputPaths = (
			);
			name = "[CP] Check Pods Manifest.lock";
			outputPaths = (
			);
			runOnlyForDeploymentPostprocessing = 0;
			shellPath = /bin/sh;
			shellScript = "diff \"${PODS_ROOT}/../Podfile.lock\" \"${PODS_ROOT}/Manifest.lock\" > /dev/null\nif [[ $? != 0 ]] ; then\n    cat << EOM\nerror: The sandbox is not in sync with the Podfile.lock. Run 'pod install' or update your CocoaPods installation.\nEOM\n    exit 1\nfi\n";
			showEnvVarsInLog = 0;
		};
		41718ADD0A33A34B55F9E4FE /* [CP] Check Pods Manifest.lock */ = {
			isa = PBXShellScriptBuildPhase;
			buildActionMask = 2147483647;
			files = (
			);
			inputPaths = (
			);
			name = "[CP] Check Pods Manifest.lock";
			outputPaths = (
			);
			runOnlyForDeploymentPostprocessing = 0;
			shellPath = /bin/sh;
			shellScript = "diff \"${PODS_ROOT}/../Podfile.lock\" \"${PODS_ROOT}/Manifest.lock\" > /dev/null\nif [[ $? != 0 ]] ; then\n    cat << EOM\nerror: The sandbox is not in sync with the Podfile.lock. Run 'pod install' or update your CocoaPods installation.\nEOM\n    exit 1\nfi\n";
			showEnvVarsInLog = 0;
		};
		526F701CD2074A27D7A10DE7 /* [CP] Embed Pods Frameworks */ = {
			isa = PBXShellScriptBuildPhase;
			buildActionMask = 2147483647;
			files = (
			);
			inputPaths = (
			);
			name = "[CP] Embed Pods Frameworks";
			outputPaths = (
			);
			runOnlyForDeploymentPostprocessing = 0;
			shellPath = /bin/sh;
			shellScript = "\"${SRCROOT}/Pods/Target Support Files/Pods-FireSwifferTests/Pods-FireSwifferTests-frameworks.sh\"\n";
			showEnvVarsInLog = 0;
		};
		6B2A98B260B4AD51961A80DA /* [CP] Copy Pods Resources */ = {
			isa = PBXShellScriptBuildPhase;
			buildActionMask = 2147483647;
			files = (
			);
			inputPaths = (
			);
			name = "[CP] Copy Pods Resources";
			outputPaths = (
			);
			runOnlyForDeploymentPostprocessing = 0;
			shellPath = /bin/sh;
			shellScript = "\"${SRCROOT}/Pods/Target Support Files/Pods-FireSwifferUITests/Pods-FireSwifferUITests-resources.sh\"\n";
			showEnvVarsInLog = 0;
		};
		9A30C10376E7DDEAFB50B1E3 /* [CP] Copy Pods Resources */ = {
			isa = PBXShellScriptBuildPhase;
			buildActionMask = 2147483647;
			files = (
			);
			inputPaths = (
			);
			name = "[CP] Copy Pods Resources";
			outputPaths = (
			);
			runOnlyForDeploymentPostprocessing = 0;
			shellPath = /bin/sh;
			shellScript = "\"${SRCROOT}/Pods/Target Support Files/Pods-FireSwiffer/Pods-FireSwiffer-resources.sh\"\n";
			showEnvVarsInLog = 0;
		};
		E2777980AC2E4A34AF133070 /* [CP] Embed Pods Frameworks */ = {
			isa = PBXShellScriptBuildPhase;
			buildActionMask = 2147483647;
			files = (
			);
			inputPaths = (
			);
			name = "[CP] Embed Pods Frameworks";
			outputPaths = (
			);
			runOnlyForDeploymentPostprocessing = 0;
			shellPath = /bin/sh;
			shellScript = "\"${SRCROOT}/Pods/Target Support Files/Pods-FireSwiffer/Pods-FireSwiffer-frameworks.sh\"\n";
			showEnvVarsInLog = 0;
		};
		F0C5DDB50638F5D8B15A8E42 /* [CP] Copy Pods Resources */ = {
			isa = PBXShellScriptBuildPhase;
			buildActionMask = 2147483647;
			files = (
			);
			inputPaths = (
			);
			name = "[CP] Copy Pods Resources";
			outputPaths = (
			);
			runOnlyForDeploymentPostprocessing = 0;
			shellPath = /bin/sh;
			shellScript = "\"${SRCROOT}/Pods/Target Support Files/Pods-FireSwifferTests/Pods-FireSwifferTests-resources.sh\"\n";
			showEnvVarsInLog = 0;
		};
/* End PBXShellScriptBuildPhase section */

/* Begin PBXSourcesBuildPhase section */
		930411F41D5E098C00EA6CCB /* Sources */ = {
			isa = PBXSourcesBuildPhase;
			buildActionMask = 2147483647;
			files = (
				9318353B1D5E5F1C00BB7F6D /* SweetsTableViewController.swift in Sources */,
				930411FC1D5E098C00EA6CCB /* AppDelegate.swift in Sources */,
				9318353F1D5E61A700BB7F6D /* Sweet.swift in Sources */,
				9318353D1D5E609500BB7F6D /* User.swift in Sources */,
			);
			runOnlyForDeploymentPostprocessing = 0;
		};
		930412081D5E098D00EA6CCB /* Sources */ = {
			isa = PBXSourcesBuildPhase;
			buildActionMask = 2147483647;
			files = (
				930412111D5E098D00EA6CCB /* FireSwifferTests.swift in Sources */,
			);
			runOnlyForDeploymentPostprocessing = 0;
		};
		930412131D5E098D00EA6CCB /* Sources */ = {
			isa = PBXSourcesBuildPhase;
			buildActionMask = 2147483647;
			files = (
				9304121C1D5E098D00EA6CCB /* FireSwifferUITests.swift in Sources */,
			);
			runOnlyForDeploymentPostprocessing = 0;
		};
/* End PBXSourcesBuildPhase section */

/* Begin PBXTargetDependency section */
		9304120E1D5E098D00EA6CCB /* PBXTargetDependency */ = {
			isa = PBXTargetDependency;
			target = 930411F71D5E098C00EA6CCB /* FireSwiffer */;
			targetProxy = 9304120D1D5E098D00EA6CCB /* PBXContainerItemProxy */;
		};
		930412191D5E098D00EA6CCB /* PBXTargetDependency */ = {
			isa = PBXTargetDependency;
			target = 930411F71D5E098C00EA6CCB /* FireSwiffer */;
			targetProxy = 930412181D5E098D00EA6CCB /* PBXContainerItemProxy */;
		};
/* End PBXTargetDependency section */

/* Begin PBXVariantGroup section */
		930411FF1D5E098D00EA6CCB /* Main.storyboard */ = {
			isa = PBXVariantGroup;
			children = (
				930412001D5E098D00EA6CCB /* Base */,
			);
			name = Main.storyboard;
			sourceTree = "<group>";
		};
		930412041D5E098D00EA6CCB /* LaunchScreen.storyboard */ = {
			isa = PBXVariantGroup;
			children = (
				930412051D5E098D00EA6CCB /* Base */,
			);
			name = LaunchScreen.storyboard;
			sourceTree = "<group>";
		};
/* End PBXVariantGroup section */

/* Begin XCBuildConfiguration section */
		9304121E1D5E098D00EA6CCB /* Debug */ = {
			isa = XCBuildConfiguration;
			buildSettings = {
				ALWAYS_SEARCH_USER_PATHS = NO;
				CLANG_ANALYZER_NONNULL = YES;
				CLANG_CXX_LANGUAGE_STANDARD = "gnu++0x";
				CLANG_CXX_LIBRARY = "libc++";
				CLANG_ENABLE_MODULES = YES;
				CLANG_ENABLE_OBJC_ARC = YES;
				CLANG_WARN_BOOL_CONVERSION = YES;
				CLANG_WARN_CONSTANT_CONVERSION = YES;
				CLANG_WARN_DIRECT_OBJC_ISA_USAGE = YES_ERROR;
				CLANG_WARN_EMPTY_BODY = YES;
				CLANG_WARN_ENUM_CONVERSION = YES;
				CLANG_WARN_INT_CONVERSION = YES;
				CLANG_WARN_OBJC_ROOT_CLASS = YES_ERROR;
				CLANG_WARN_UNREACHABLE_CODE = YES;
				CLANG_WARN__DUPLICATE_METHOD_MATCH = YES;
				"CODE_SIGN_IDENTITY[sdk=iphoneos*]" = "iPhone Developer";
				COPY_PHASE_STRIP = NO;
				DEBUG_INFORMATION_FORMAT = dwarf;
				ENABLE_STRICT_OBJC_MSGSEND = YES;
				ENABLE_TESTABILITY = YES;
				GCC_C_LANGUAGE_STANDARD = gnu99;
				GCC_DYNAMIC_NO_PIC = NO;
				GCC_NO_COMMON_BLOCKS = YES;
				GCC_OPTIMIZATION_LEVEL = 0;
				GCC_PREPROCESSOR_DEFINITIONS = (
					"DEBUG=1",
					"$(inherited)",
				);
				GCC_WARN_64_TO_32_BIT_CONVERSION = YES;
				GCC_WARN_ABOUT_RETURN_TYPE = YES_ERROR;
				GCC_WARN_UNDECLARED_SELECTOR = YES;
				GCC_WARN_UNINITIALIZED_AUTOS = YES_AGGRESSIVE;
				GCC_WARN_UNUSED_FUNCTION = YES;
				GCC_WARN_UNUSED_VARIABLE = YES;
				IPHONEOS_DEPLOYMENT_TARGET = 9.3;
				MTL_ENABLE_DEBUG_INFO = YES;
				ONLY_ACTIVE_ARCH = YES;
				SDKROOT = iphoneos;
				SWIFT_OPTIMIZATION_LEVEL = "-Onone";
				TARGETED_DEVICE_FAMILY = "1,2";
			};
			name = Debug;
		};
		9304121F1D5E098D00EA6CCB /* Release */ = {
			isa = XCBuildConfiguration;
			buildSettings = {
				ALWAYS_SEARCH_USER_PATHS = NO;
				CLANG_ANALYZER_NONNULL = YES;
				CLANG_CXX_LANGUAGE_STANDARD = "gnu++0x";
				CLANG_CXX_LIBRARY = "libc++";
				CLANG_ENABLE_MODULES = YES;
				CLANG_ENABLE_OBJC_ARC = YES;
				CLANG_WARN_BOOL_CONVERSION = YES;
				CLANG_WARN_CONSTANT_CONVERSION = YES;
				CLANG_WARN_DIRECT_OBJC_ISA_USAGE = YES_ERROR;
				CLANG_WARN_EMPTY_BODY = YES;
				CLANG_WARN_ENUM_CONVERSION = YES;
				CLANG_WARN_INT_CONVERSION = YES;
				CLANG_WARN_OBJC_ROOT_CLASS = YES_ERROR;
				CLANG_WARN_UNREACHABLE_CODE = YES;
				CLANG_WARN__DUPLICATE_METHOD_MATCH = YES;
				"CODE_SIGN_IDENTITY[sdk=iphoneos*]" = "iPhone Developer";
				COPY_PHASE_STRIP = NO;
				DEBUG_INFORMATION_FORMAT = "dwarf-with-dsym";
				ENABLE_NS_ASSERTIONS = NO;
				ENABLE_STRICT_OBJC_MSGSEND = YES;
				GCC_C_LANGUAGE_STANDARD = gnu99;
				GCC_NO_COMMON_BLOCKS = YES;
				GCC_WARN_64_TO_32_BIT_CONVERSION = YES;
				GCC_WARN_ABOUT_RETURN_TYPE = YES_ERROR;
				GCC_WARN_UNDECLARED_SELECTOR = YES;
				GCC_WARN_UNINITIALIZED_AUTOS = YES_AGGRESSIVE;
				GCC_WARN_UNUSED_FUNCTION = YES;
				GCC_WARN_UNUSED_VARIABLE = YES;
				IPHONEOS_DEPLOYMENT_TARGET = 9.3;
				MTL_ENABLE_DEBUG_INFO = NO;
				SDKROOT = iphoneos;
				TARGETED_DEVICE_FAMILY = "1,2";
				VALIDATE_PRODUCT = YES;
			};
			name = Release;
		};
		930412211D5E098D00EA6CCB /* Debug */ = {
			isa = XCBuildConfiguration;
			baseConfigurationReference = D1D1C0A815359B8DEA816FE7 /* Pods-FireSwiffer.debug.xcconfig */;
			buildSettings = {
				ASSETCATALOG_COMPILER_APPICON_NAME = AppIcon;
				INFOPLIST_FILE = FireSwiffer/Info.plist;
				LD_RUNPATH_SEARCH_PATHS = "$(inherited) @executable_path/Frameworks";
				PRODUCT_BUNDLE_IDENTIFIER = com.training.FireSwiffer;
				PRODUCT_NAME = "$(TARGET_NAME)";
			};
			name = Debug;
		};
		930412221D5E098D00EA6CCB /* Release */ = {
			isa = XCBuildConfiguration;
			baseConfigurationReference = F6BBF44155231DC1DF226FDD /* Pods-FireSwiffer.release.xcconfig */;
			buildSettings = {
				ASSETCATALOG_COMPILER_APPICON_NAME = AppIcon;
				INFOPLIST_FILE = FireSwiffer/Info.plist;
				LD_RUNPATH_SEARCH_PATHS = "$(inherited) @executable_path/Frameworks";
				PRODUCT_BUNDLE_IDENTIFIER = com.training.FireSwiffer;
				PRODUCT_NAME = "$(TARGET_NAME)";
			};
			name = Release;
		};
		930412241D5E098D00EA6CCB /* Debug */ = {
			isa = XCBuildConfiguration;
			baseConfigurationReference = 4279ECF59E81538B393F92A4 /* Pods-FireSwifferTests.debug.xcconfig */;
			buildSettings = {
				BUNDLE_LOADER = "$(TEST_HOST)";
				INFOPLIST_FILE = FireSwifferTests/Info.plist;
				LD_RUNPATH_SEARCH_PATHS = "$(inherited) @executable_path/Frameworks @loader_path/Frameworks";
				PRODUCT_BUNDLE_IDENTIFIER = com.training.FireSwifferTests;
				PRODUCT_NAME = "$(TARGET_NAME)";
				TEST_HOST = "$(BUILT_PRODUCTS_DIR)/FireSwiffer.app/FireSwiffer";
			};
			name = Debug;
		};
		930412251D5E098D00EA6CCB /* Release */ = {
			isa = XCBuildConfiguration;
			baseConfigurationReference = 25759ED202B46F898C31B97A /* Pods-FireSwifferTests.release.xcconfig */;
			buildSettings = {
				BUNDLE_LOADER = "$(TEST_HOST)";
				INFOPLIST_FILE = FireSwifferTests/Info.plist;
				LD_RUNPATH_SEARCH_PATHS = "$(inherited) @executable_path/Frameworks @loader_path/Frameworks";
				PRODUCT_BUNDLE_IDENTIFIER = com.training.FireSwifferTests;
				PRODUCT_NAME = "$(TARGET_NAME)";
				TEST_HOST = "$(BUILT_PRODUCTS_DIR)/FireSwiffer.app/FireSwiffer";
			};
			name = Release;
		};
		930412271D5E098D00EA6CCB /* Debug */ = {
			isa = XCBuildConfiguration;
			baseConfigurationReference = 65966160AB7F9BF04665FCFC /* Pods-FireSwifferUITests.debug.xcconfig */;
			buildSettings = {
				INFOPLIST_FILE = FireSwifferUITests/Info.plist;
				LD_RUNPATH_SEARCH_PATHS = "$(inherited) @executable_path/Frameworks @loader_path/Frameworks";
				PRODUCT_BUNDLE_IDENTIFIER = com.training.FireSwifferUITests;
				PRODUCT_NAME = "$(TARGET_NAME)";
				TEST_TARGET_NAME = FireSwiffer;
			};
			name = Debug;
		};
		930412281D5E098D00EA6CCB /* Release */ = {
			isa = XCBuildConfiguration;
			baseConfigurationReference = B27315DF9F4DD64F8C93ED88 /* Pods-FireSwifferUITests.release.xcconfig */;
			buildSettings = {
				INFOPLIST_FILE = FireSwifferUITests/Info.plist;
				LD_RUNPATH_SEARCH_PATHS = "$(inherited) @executable_path/Frameworks @loader_path/Frameworks";
				PRODUCT_BUNDLE_IDENTIFIER = com.training.FireSwifferUITests;
				PRODUCT_NAME = "$(TARGET_NAME)";
				TEST_TARGET_NAME = FireSwiffer;
			};
			name = Release;
		};
/* End XCBuildConfiguration section */

/* Begin XCConfigurationList section */
		930411F31D5E098C00EA6CCB /* Build configuration list for PBXProject "FireSwiffer" */ = {
			isa = XCConfigurationList;
			buildConfigurations = (
				9304121E1D5E098D00EA6CCB /* Debug */,
				9304121F1D5E098D00EA6CCB /* Release */,
			);
			defaultConfigurationIsVisible = 0;
			defaultConfigurationName = Release;
		};
		930412201D5E098D00EA6CCB /* Build configuration list for PBXNativeTarget "FireSwiffer" */ = {
			isa = XCConfigurationList;
			buildConfigurations = (
				930412211D5E098D00EA6CCB /* Debug */,
				930412221D5E098D00EA6CCB /* Release */,
			);
			defaultConfigurationIsVisible = 0;
			defaultConfigurationName = Release;
		};
		930412231D5E098D00EA6CCB /* Build configuration list for PBXNativeTarget "FireSwifferTests" */ = {
			isa = XCConfigurationList;
			buildConfigurations = (
				930412241D5E098D00EA6CCB /* Debug */,
				930412251D5E098D00EA6CCB /* Release */,
			);
			defaultConfigurationIsVisible = 0;
			defaultConfigurationName = Release;
		};
		930412261D5E098D00EA6CCB /* Build configuration list for PBXNativeTarget "FireSwifferUITests" */ = {
			isa = XCConfigurationList;
			buildConfigurations = (
				930412271D5E098D00EA6CCB /* Debug */,
				930412281D5E098D00EA6CCB /* Release */,
			);
			defaultConfigurationIsVisible = 0;
			defaultConfigurationName = Release;
		};
/* End XCConfigurationList section */
	};
	rootObject = 930411F01D5E098C00EA6CCB /* Project object */;
}
